
Microsoft Visual Studio Solution File, Format Version 12.00
# Visual Studio Version 17
VisualStudioVersion = 17.14.36717.8 d17.14
MinimumVisualStudioVersion = 10.0.40219.1
Project("{FAE04EC0-301F-11D3-BF4B-00C04F79EFBC}") = "DZ1.3", "DZ1.3.csproj", "{B18B7F84-B5F0-436A-B83B-503506AA9B37}"
EndProject
Global
	GlobalSection(SolutionConfigurationPlatforms) = preSolution
		Debug|Any CPU = Debug|Any CPU
		Release|Any CPU = Release|Any CPU
	EndGlobalSection
	GlobalSection(ProjectConfigurationPlatforms) = postSolution
		{B18B7F84-B5F0-436A-B83B-503506AA9B37}.Debug|Any CPU.ActiveCfg = Debug|Any CPU
		{B18B7F84-B5F0-436A-B83B-503506AA9B37}.Debug|Any CPU.Build.0 = Debug|Any CPU
		{B18B7F84-B5F0-436A-B83B-503506AA9B37}.Release|Any CPU.ActiveCfg = Release|Any CPU
		{B18B7F84-B5F0-436A-B83B-503506AA9B37}.Release|Any CPU.Build.0 = Release|Any CPU
	EndGlobalSection
	GlobalSection(SolutionProperties) = preSolution
		HideSolutionNode = FALSE
	EndGlobalSection
	GlobalSection(ExtensibilityGlobals) = postSolution
		SolutionGuid = {EF2FB8ED-6596-43B1-9BB9-D355C3EAFFA5}
	EndGlobalSection
EndGlobal
